Microsoft Visual Studio Solution File, Format Version 12.00
# Visual Studio 15
VisualStudioVersion = 15.0.26430.14
MinimumVisualStudioVersion = 10.0.40219.1
Project("{FAE04EC0-301F-11D3-BF4B-00C04F79EFBC}") = "Releans.Standard", "Releans.Standard/Releans.Standard.csproj", "{cfadfcee-2765-4e18-8247-9102255960a1}"
EndProject
Global
    GlobalSection(SolutionConfigurationPlatforms) = preSolution
        Debug|Any CPU = Debug|Any CPU
        Release|Any CPU = Release|Any CPU
    EndGlobalSection
    GlobalSection(ProjectConfigurationPlatforms) = postSolution
        {cfadfcee-2765-4e18-8247-9102255960a1}.Debug|Any CPU.ActiveCfg = Debug|Any CPU
        {cfadfcee-2765-4e18-8247-9102255960a1}.Debug|Any CPU.Build.0 = Debug|Any CPU
        {cfadfcee-2765-4e18-8247-9102255960a1}.Release|Any CPU.ActiveCfg = Release|Any CPU
        {cfadfcee-2765-4e18-8247-9102255960a1}.Release|Any CPU.Build.0 = Release|Any CPU
    EndGlobalSection
    GlobalSection(SolutionProperties) = preSolution
        HideSolutionNode = FALSE
    EndGlobalSection
EndGlobal
